
Microsoft Visual Studio Solution File, Format Version 12.00
# Visual Studio Version 17
VisualStudioVersion = 17.14.36401.2 d17.14
MinimumVisualStudioVersion = 10.0.40219.1
Project("{FAE04EC0-301F-11D3-BF4B-00C04F79EFBC}") = "SimpleMp3Tool", "SimpleMp3Tool.csproj", "{0424E587-922D-0BDC-814D-6C6E08EE6350}"
EndProject
Global
	GlobalSection(SolutionConfigurationPlatforms) = preSolution
		Debug|Any CPU = Debug|Any CPU
		Release|Any CPU = Release|Any CPU
	EndGlobalSection
	GlobalSection(ProjectConfigurationPlatforms) = postSolution
		{0424E587-922D-0BDC-814D-6C6E08EE6350}.Debug|Any CPU.ActiveCfg = Debug|Any CPU
		{0424E587-922D-0BDC-814D-6C6E08EE6350}.Debug|Any CPU.Build.0 = Debug|Any CPU
		{0424E587-922D-0BDC-814D-6C6E08EE6350}.Release|Any CPU.ActiveCfg = Release|Any CPU
		{0424E587-922D-0BDC-814D-6C6E08EE6350}.Release|Any CPU.Build.0 = Release|Any CPU
	EndGlobalSection
	GlobalSection(SolutionProperties) = preSolution
		HideSolutionNode = FALSE
	EndGlobalSection
	GlobalSection(ExtensibilityGlobals) = postSolution
		SolutionGuid = {21328C33-1F73-418F-A1CE-2F06F41BC66E}
	EndGlobalSection
EndGlobal
